
Microsoft Visual Studio Solution File, Format Version 12.00
# Visual Studio Version 16
VisualStudioVersion = 16.0.30204.135
MinimumVisualStudioVersion = 10.0.40219.1
Project("{FAE04EC0-301F-11D3-BF4B-00C04F79EFBC}") = "WindowsFormsApp3", "WindowsFormsApp3\WindowsFormsApp3.csproj", "{08BCECC5-744A-4E15-B53F-E535B36676D2}"
EndProject
Global
	GlobalSection(SolutionConfigurationPlatforms) = preSolution
		Debug|Any CPU = Debug|Any CPU
		Release|Any CPU = Release|Any CPU
	EndGlobalSection
	GlobalSection(ProjectConfigurationPlatforms) = postSolution
		{08BCECC5-744A-4E15-B53F-E535B36676D2}.Debug|Any CPU.ActiveCfg = Debug|Any CPU
		{08BCECC5-744A-4E15-B53F-E535B36676D2}.Debug|Any CPU.Build.0 = Debug|Any CPU
		{08BCECC5-744A-4E15-B53F-E535B36676D2}.Release|Any CPU.ActiveCfg = Release|Any CPU
		{08BCECC5-744A-4E15-B53F-E535B36676D2}.Release|Any CPU.Build.0 = Release|Any CPU
	EndGlobalSection
	GlobalSection(SolutionProperties) = preSolution
		HideSolutionNode = FALSE
	EndGlobalSection
	GlobalSection(ExtensibilityGlobals) = postSolution
		SolutionGuid = {B5A27B3F-0B8D-4BB9-989C-D6A417C41E0B}
	EndGlobalSection
EndGlobal
